
Microsoft Visual Studio Solution File, Format Version 12.00
# Visual Studio Version 16
VisualStudioVersion = 16.0.29201.188
MinimumVisualStudioVersion = 10.0.40219.1
Project("{8BC9CEB8-8B4A-11D0-8D11-00A0C91BC942}") = "Studio21", "Studio21\Studio21.vcxproj", "{F0522D4F-E550-43DC-9818-21116C99349D}"
EndProject
Project("{8BC9CEB8-8B4A-11D0-8D11-00A0C91BC942}") = "UnitTest", "UnitTest\UnitTest.vcxproj", "{D0C8DDBC-C5B2-4368-BD06-8762B8793C83}"
EndProject
Global
	GlobalSection(SolutionConfigurationPlatforms) = preSolution
		Debug|x64 = Debug|x64
		Debug|x86 = Debug|x86
		Release|x64 = Release|x64
		Release|x86 = Release|x86
	EndGlobalSection
	GlobalSection(ProjectConfigurationPlatforms) = postSolution
		{F0522D4F-E550-43DC-9818-21116C99349D}.Debug|x64.ActiveCfg = Debug|x64
		{F0522D4F-E550-43DC-9818-21116C99349D}.Debug|x64.Build.0 = Debug|x64
		{F0522D4F-E550-43DC-9818-21116C99349D}.Debug|x86.ActiveCfg = Debug|Win32
		{F0522D4F-E550-43DC-9818-21116C99349D}.Debug|x86.Build.0 = Debug|Win32
		{F0522D4F-E550-43DC-9818-21116C99349D}.Release|x64.ActiveCfg = Release|x64
		{F0522D4F-E550-43DC-9818-21116C99349D}.Release|x64.Build.0 = Release|x64
		{F0522D4F-E550-43DC-9818-21116C99349D}.Release|x86.ActiveCfg = Release|Win32
		{F0522D4F-E550-43DC-9818-21116C99349D}.Release|x86.Build.0 = Release|Win32
		{D0C8DDBC-C5B2-4368-BD06-8762B8793C83}.Debug|x64.ActiveCfg = Debug|x64
		{D0C8DDBC-C5B2-4368-BD06-8762B8793C83}.Debug|x64.Build.0 = Debug|x64
		{D0C8DDBC-C5B2-4368-BD06-8762B8793C83}.Debug|x86.ActiveCfg = Debug|Win32
		{D0C8DDBC-C5B2-4368-BD06-8762B8793C83}.Debug|x86.Build.0 = Debug|Win32
		{D0C8DDBC-C5B2-4368-BD06-8762B8793C83}.Release|x64.ActiveCfg = Release|x64
		{D0C8DDBC-C5B2-4368-BD06-8762B8793C83}.Release|x64.Build.0 = Release|x64
		{D0C8DDBC-C5B2-4368-BD06-8762B8793C83}.Release|x86.ActiveCfg = Release|Win32
		{D0C8DDBC-C5B2-4368-BD06-8762B8793C83}.Release|x86.Build.0 = Release|Win32
	EndGlobalSection
	GlobalSection(SolutionProperties) = preSolution
		HideSolutionNode = FALSE
	EndGlobalSection
	GlobalSection(ExtensibilityGlobals) = postSolution
		SolutionGuid = {C8C47645-A73E-416A-A1E6-0B6479F8845C}
	EndGlobalSection
EndGlobal
