
Microsoft Visual Studio Solution File, Format Version 12.00
# Visual Studio Version 16
VisualStudioVersion = 16.0.29201.188
MinimumVisualStudioVersion = 10.0.40219.1
Project("{8BC9CEB8-8B4A-11D0-8D11-00A0C91BC942}") = "development_environment_studio", "development_environment_studio\development_environment_studio.vcxproj", "{F32D267D-B9F4-48C7-A5E1-FB8428CA221E}"
EndProject
Global
	GlobalSection(SolutionConfigurationPlatforms) = preSolution
		Debug|x64 = Debug|x64
		Debug|x86 = Debug|x86
		Release|x64 = Release|x64
		Release|x86 = Release|x86
	EndGlobalSection
	GlobalSection(ProjectConfigurationPlatforms) = postSolution
		{F32D267D-B9F4-48C7-A5E1-FB8428CA221E}.Debug|x64.ActiveCfg = Debug|x64
		{F32D267D-B9F4-48C7-A5E1-FB8428CA221E}.Debug|x64.Build.0 = Debug|x64
		{F32D267D-B9F4-48C7-A5E1-FB8428CA221E}.Debug|x86.ActiveCfg = Debug|Win32
		{F32D267D-B9F4-48C7-A5E1-FB8428CA221E}.Debug|x86.Build.0 = Debug|Win32
		{F32D267D-B9F4-48C7-A5E1-FB8428CA221E}.Release|x64.ActiveCfg = Release|x64
		{F32D267D-B9F4-48C7-A5E1-FB8428CA221E}.Release|x64.Build.0 = Release|x64
		{F32D267D-B9F4-48C7-A5E1-FB8428CA221E}.Release|x86.ActiveCfg = Release|Win32
		{F32D267D-B9F4-48C7-A5E1-FB8428CA221E}.Release|x86.Build.0 = Release|Win32
	EndGlobalSection
	GlobalSection(SolutionProperties) = preSolution
		HideSolutionNode = FALSE
	EndGlobalSection
	GlobalSection(ExtensibilityGlobals) = postSolution
		SolutionGuid = {B44F6120-A8D3-4F83-9E78-774DBDEBB901}
	EndGlobalSection
EndGlobal
